# THIS IS AN AUTOGENERATED FILE. DO NOT EDIT THIS FILE DIRECTLY.
# yarn lockfile v1


"spignite@file:..":
  "resolved" "file:.."
  "version" "2.4.1"
  dependencies:
    "@babel/core" "^7.18.10"
    "@babel/preset-env" "^7.18.10"
    "ansi-styles" "^6.1.0"
    "autoprefixer" "^10.4.8"
    "browser-sync" "^2.27.10"
    "chalk" "^5.0.1"
    "clean-css" "^5.3.1"
    "cpx" "^1.5.0"
    "cssnano" "^5.1.13"
    "del" "^7.0.0"
    "encoding" "^0.1.13"
    "express" "^4.18.1"
    "fancy-log" "^2.0.0"
    "fs" "^0.0.1-security"
    "glob" "^8.0.3"
    "gray-matter" "^4.0.3"
    "highlight.js" "^11.6.0"
    "html-minifier" "4.0.0"
    "imagemin" "^8.0.1"
    "imagemin-gifsicle" "^7.0.0"
    "imagemin-mozjpeg" "^10.0.0"
    "imagemin-optipng" "^8.0.0"
    "imagemin-pngquant" "^9.0.2"
    "luxon" "^3.0.1"
    "markdown-it" "^13.0.1"
    "markdown-it-anchor" "^8.6.4"
    "markdown-it-attrs" "^4.1.4"
    "markdown-it-container" "^3.0.0"
    "markdown-it-html5-media" "^0.7.1"
    "markdown-it-link-attributes" "^4.0.1"
    "micromatch" "^4.0.5"
    "mustache" "^4.2.0"
    "node-sass" "^7.0.1"
    "nunjucks" "^3.2.3"
    "os" "^0.1.2"
    "path" "^0.12.7"
    "postcss" "^8.4.16"
    "postcss-preset-env" "^7.8.0"
    "pug" "^3.0.2"
    "queue-microtask" "^1.2.3"
    "reading-time" "^1.5.0"
    "remove-markdown" "^0.5.0"
    "serve-static" "^1.15.0"
    "sharp" "^0.30.7"
    "slugify" "^1.6.5"
    "uglify-js" "^3.17.0"
    "underscore.string" "^3.3.6"
